
Microsoft Visual Studio Solution File, Format Version 12.00
# Visual Studio Version 17
VisualStudioVersion = 17.11.35312.102
MinimumVisualStudioVersion = 10.0.40219.1
Project("{FAE04EC0-301F-11D3-BF4B-00C04F79EFBC}") = "HW14", "HW14\HW14.csproj", "{DC2D2325-FC63-4D06-887B-83C886EBA9BA}"
EndProject
Global
	GlobalSection(SolutionConfigurationPlatforms) = preSolution
		Debug|Any CPU = Debug|Any CPU
		Release|Any CPU = Release|Any CPU
	EndGlobalSection
	GlobalSection(ProjectConfigurationPlatforms) = postSolution
		{DC2D2325-FC63-4D06-887B-83C886EBA9BA}.Debug|Any CPU.ActiveCfg = Debug|Any CPU
		{DC2D2325-FC63-4D06-887B-83C886EBA9BA}.Debug|Any CPU.Build.0 = Debug|Any CPU
		{DC2D2325-FC63-4D06-887B-83C886EBA9BA}.Release|Any CPU.ActiveCfg = Release|Any CPU
		{DC2D2325-FC63-4D06-887B-83C886EBA9BA}.Release|Any CPU.Build.0 = Release|Any CPU
	EndGlobalSection
	GlobalSection(SolutionProperties) = preSolution
		HideSolutionNode = FALSE
	EndGlobalSection
	GlobalSection(ExtensibilityGlobals) = postSolution
		SolutionGuid = {403DFF5B-5926-4BBB-8FEE-E5C96FBF9A11}
	EndGlobalSection
EndGlobal
